// !$*UTF8*$!
{
	archiveVersion = 1;
	classes = {
	};
	objectVersion = 50;
	objects = {

/* Begin PBXBuildFile section */
		A0173A4A26A62C1800167381 /* ToDo.swift in Sources */ = {isa = PBXBuildFile; fileRef = A0173A4926A62C1800167381 /* ToDo.swift */; };
		A063920D26A6033C00F4AF4A /* AppDelegate.swift in Sources */ = {isa = PBXBuildFile; fileRef = A063920C26A6033C00F4AF4A /* AppDelegate.swift */; };
		A063920F26A6033C00F4AF4A /* SceneDelegate.swift in Sources */ = {isa = PBXBuildFile; fileRef = A063920E26A6033C00F4AF4A /* SceneDelegate.swift */; };
		A063921426A6033C00F4AF4A /* Main.storyboard in Resources */ = {isa = PBXBuildFile; fileRef = A063921226A6033C00F4AF4A /* Main.storyboard */; };
		A063921726A6033C00F4AF4A /* ToDoList.xcdatamodeld in Sources */ = {isa = PBXBuildFile; fileRef = A063921526A6033C00F4AF4A /* ToDoList.xcdatamodeld */; };
		A063921926A6033F00F4AF4A /* Assets.xcassets in Resources */ = {isa = PBXBuildFile; fileRef = A063921826A6033F00F4AF4A /* Assets.xcassets */; };
		A063921C26A6033F00F4AF4A /* LaunchScreen.storyboard in Resources */ = {isa = PBXBuildFile; fileRef = A063921A26A6033F00F4AF4A /* LaunchScreen.storyboard */; };
		A063922726A6033F00F4AF4A /* ToDoListTests.swift in Sources */ = {isa = PBXBuildFile; fileRef = A063922626A6033F00F4AF4A /* ToDoListTests.swift */; };
		A063923226A6033F00F4AF4A /* ToDoListUITests.swift in Sources */ = {isa = PBXBuildFile; fileRef = A063923126A6033F00F4AF4A /* ToDoListUITests.swift */; };
		A063924026A6061800F4AF4A /* ToDoTableTableViewController.swift in Sources */ = {isa = PBXBuildFile; fileRef = A063923F26A6061800F4AF4A /* ToDoTableTableViewController.swift */; };
/* End PBXBuildFile section */

/* Begin PBXContainerItemProxy section */
		A063922326A6033F00F4AF4A /* PBXContainerItemProxy */ = {
			isa = PBXContainerItemProxy;
			containerPortal = A063920126A6033C00F4AF4A /* Project object */;
			proxyType = 1;
			remoteGlobalIDString = A063920826A6033C00F4AF4A;
			remoteInfo = ToDoList;
		};
		A063922E26A6033F00F4AF4A /* PBXContainerItemProxy */ = {
			isa = PBXContainerItemProxy;
			containerPortal = A063920126A6033C00F4AF4A /* Project object */;
			proxyType = 1;
			remoteGlobalIDString = A063920826A6033C00F4AF4A;
			remoteInfo = ToDoList;
		};
/* End PBXContainerItemProxy section */

/* Begin PBXFileReference section */
		A0173A4926A62C1800167381 /* ToDo.swift */ = {isa = PBXFileReference; lastKnownFileType = sourcecode.swift; path = ToDo.swift; sourceTree = "<group>"; };
		A063920926A6033C00F4AF4A /* ToDoList.app */ = {isa = PBXFileReference; explicitFileType = wrapper.application; includeInIndex = 0; path = ToDoList.app; sourceTree = BUILT_PRODUCTS_DIR; };
		A063920C26A6033C00F4AF4A /* AppDelegate.swift */ = {isa = PBXFileReference; lastKnownFileType = sourcecode.swift; path = AppDelegate.swift; sourceTree = "<group>"; };
		A063920E26A6033C00F4AF4A /* SceneDelegate.swift */ = {isa = PBXFileReference; lastKnownFileType = sourcecode.swift; path = SceneDelegate.swift; sourceTree = "<group>"; };
		A063921326A6033C00F4AF4A /* Base */ = {isa = PBXFileReference; lastKnownFileType = file.storyboard; name = Base; path = Base.lproj/Main.storyboard; sourceTree = "<group>"; };
		A063921626A6033C00F4AF4A /* ToDoList.xcdatamodel */ = {isa = PBXFileReference; lastKnownFileType = wrapper.xcdatamodel; path = ToDoList.xcdatamodel; sourceTree = "<group>"; };
		A063921826A6033F00F4AF4A /* Assets.xcassets */ = {isa = PBXFileReference; lastKnownFileType = folder.assetcatalog; path = Assets.xcassets; sourceTree = "<group>"; };
		A063921B26A6033F00F4AF4A /* Base */ = {isa = PBXFileReference; lastKnownFileType = file.storyboard; name = Base; path = Base.lproj/LaunchScreen.storyboard; sourceTree = "<group>"; };
		A063921D26A6033F00F4AF4A /* Info.plist */ = {isa = PBXFileReference; lastKnownFileType = text.plist.xml; path = Info.plist; sourceTree = "<group>"; };
		A063922226A6033F00F4AF4A /* ToDoListTests.xctest */ = {isa = PBXFileReference; explicitFileType = wrapper.cfbundle; includeInIndex = 0; path = ToDoListTests.xctest; sourceTree = BUILT_PRODUCTS_DIR; };
		A063922626A6033F00F4AF4A /* ToDoListTests.swift */ = {isa = PBXFileReference; lastKnownFileType = sourcecode.swift; path = ToDoListTests.swift; sourceTree = "<group>"; };
		A063922826A6033F00F4AF4A /* Info.plist */ = {isa = PBXFileReference; lastKnownFileType = text.plist.xml; path = Info.plist; sourceTree = "<group>"; };
		A063922D26A6033F00F4AF4A /* ToDoListUITests.xctest */ = {isa = PBXFileReference; explicitFileType = wrapper.cfbundle; includeInIndex = 0; path = ToDoListUITests.xctest; sourceTree = BUILT_PRODUCTS_DIR; };
		A063923126A6033F00F4AF4A /* ToDoListUITests.swift */ = {isa = PBXFileReference; lastKnownFileType = sourcecode.swift; path = ToDoListUITests.swift; sourceTree = "<group>"; };
		A063923326A6033F00F4AF4A /* Info.plist */ = {isa = PBXFileReference; lastKnownFileType = text.plist.xml; path = Info.plist; sourceTree = "<group>"; };
		A063923F26A6061800F4AF4A /* ToDoTableTableViewController.swift */ = {isa = PBXFileReference; lastKnownFileType = sourcecode.swift; path = ToDoTableTableViewController.swift; sourceTree = "<group>"; };
/* End PBXFileReference section */

/* Begin PBXFrameworksBuildPhase section */
		A063920626A6033C00F4AF4A /* Frameworks */ = {
			isa = PBXFrameworksBuildPhase;
			buildActionMask = 2147483647;
			files = (
			);
			runOnlyForDeploymentPostprocessing = 0;
		};
		A063921F26A6033F00F4AF4A /* Frameworks */ = {
			isa = PBXFrameworksBuildPhase;
			buildActionMask = 2147483647;
			files = (
			);
			runOnlyForDeploymentPostprocessing = 0;
		};
		A063922A26A6033F00F4AF4A /* Frameworks */ = {
			isa = PBXFrameworksBuildPhase;
			buildActionMask = 2147483647;
			files = (
			);
			runOnlyForDeploymentPostprocessing = 0;
		};
/* End PBXFrameworksBuildPhase section */

/* Begin PBXGroup section */
		A063920026A6033C00F4AF4A = {
			isa = PBXGroup;
			children = (
				A063920B26A6033C00F4AF4A /* ToDoList */,
				A063922526A6033F00F4AF4A /* ToDoListTests */,
				A063923026A6033F00F4AF4A /* ToDoListUITests */,
				A063920A26A6033C00F4AF4A /* Products */,
			);
			sourceTree = "<group>";
		};
		A063920A26A6033C00F4AF4A /* Products */ = {
			isa = PBXGroup;
			children = (
				A063920926A6033C00F4AF4A /* ToDoList.app */,
				A063922226A6033F00F4AF4A /* ToDoListTests.xctest */,
				A063922D26A6033F00F4AF4A /* ToDoListUITests.xctest */,
			);
			name = Products;
			sourceTree = "<group>";
		};
		A063920B26A6033C00F4AF4A /* ToDoList */ = {
			isa = PBXGroup;
			children = (
				A063920C26A6033C00F4AF4A /* AppDelegate.swift */,
				A063920E26A6033C00F4AF4A /* SceneDelegate.swift */,
				A063921226A6033C00F4AF4A /* Main.storyboard */,
				A0173A4926A62C1800167381 /* ToDo.swift */,
				A063923F26A6061800F4AF4A /* ToDoTableTableViewController.swift */,
				A063921826A6033F00F4AF4A /* Assets.xcassets */,
				A063921A26A6033F00F4AF4A /* LaunchScreen.storyboard */,
				A063921D26A6033F00F4AF4A /* Info.plist */,
				A063921526A6033C00F4AF4A /* ToDoList.xcdatamodeld */,
			);
			path = ToDoList;
			sourceTree = "<group>";
		};
		A063922526A6033F00F4AF4A /* ToDoListTests */ = {
			isa = PBXGroup;
			children = (
				A063922626A6033F00F4AF4A /* ToDoListTests.swift */,
				A063922826A6033F00F4AF4A /* Info.plist */,
			);
			path = ToDoListTests;
			sourceTree = "<group>";
		};
		A063923026A6033F00F4AF4A /* ToDoListUITests */ = {
			isa = PBXGroup;
			children = (
				A063923126A6033F00F4AF4A /* ToDoListUITests.swift */,
				A063923326A6033F00F4AF4A /* Info.plist */,
			);
			path = ToDoListUITests;
			sourceTree = "<group>";
		};
/* End PBXGroup section */

/* Begin PBXNativeTarget section */
		A063920826A6033C00F4AF4A /* ToDoList */ = {
			isa = PBXNativeTarget;
			buildConfigurationList = A063923626A6033F00F4AF4A /* Build configuration list for PBXNativeTarget "ToDoList" */;
			buildPhases = (
				A063920526A6033C00F4AF4A /* Sources */,
				A063920626A6033C00F4AF4A /* Frameworks */,
				A063920726A6033C00F4AF4A /* Resources */,
			);
			buildRules = (
			);
			dependencies = (
			);
			name = ToDoList;
			productName = ToDoList;
			productReference = A063920926A6033C00F4AF4A /* ToDoList.app */;
			productType = "com.apple.product-type.application";
		};
		A063922126A6033F00F4AF4A /* ToDoListTests */ = {
			isa = PBXNativeTarget;
			buildConfigurationList = A063923926A6033F00F4AF4A /* Build configuration list for PBXNativeTarget "ToDoListTests" */;
			buildPhases = (
				A063921E26A6033F00F4AF4A /* Sources */,
				A063921F26A6033F00F4AF4A /* Frameworks */,
				A063922026A6033F00F4AF4A /* Resources */,
			);
			buildRules = (
			);
			dependencies = (
				A063922426A6033F00F4AF4A /* PBXTargetDependency */,
			);
			name = ToDoListTests;
			productName = ToDoListTests;
			productReference = A063922226A6033F00F4AF4A /* ToDoListTests.xctest */;
			productType = "com.apple.product-type.bundle.unit-test";
		};
		A063922C26A6033F00F4AF4A /* ToDoListUITests */ = {
			isa = PBXNativeTarget;
			buildConfigurationList = A063923C26A6033F00F4AF4A /* Build configuration list for PBXNativeTarget "ToDoListUITests" */;
			buildPhases = (
				A063922926A6033F00F4AF4A /* Sources */,
				A063922A26A6033F00F4AF4A /* Frameworks */,
				A063922B26A6033F00F4AF4A /* Resources */,
			);
			buildRules = (
			);
			dependencies = (
				A063922F26A6033F00F4AF4A /* PBXTargetDependency */,
			);
			name = ToDoListUITests;
			productName = ToDoListUITests;
			productReference = A063922D26A6033F00F4AF4A /* ToDoListUITests.xctest */;
			productType = "com.apple.product-type.bundle.ui-testing";
		};
/* End PBXNativeTarget section */

/* Begin PBXProject section */
		A063920126A6033C00F4AF4A /* Project object */ = {
			isa = PBXProject;
			attributes = {
				LastSwiftUpdateCheck = 1250;
				LastUpgradeCheck = 1250;
				TargetAttributes = {
					A063920826A6033C00F4AF4A = {
						CreatedOnToolsVersion = 12.5.1;
					};
					A063922126A6033F00F4AF4A = {
						CreatedOnToolsVersion = 12.5.1;
						TestTargetID = A063920826A6033C00F4AF4A;
					};
					A063922C26A6033F00F4AF4A = {
						CreatedOnToolsVersion = 12.5.1;
						TestTargetID = A063920826A6033C00F4AF4A;
					};
				};
			};
			buildConfigurationList = A063920426A6033C00F4AF4A /* Build configuration list for PBXProject "ToDoList" */;
			compatibilityVersion = "Xcode 9.3";
			developmentRegion = en;
			hasScannedForEncodings = 0;
			knownRegions = (
				en,
				Base,
			);
			mainGroup = A063920026A6033C00F4AF4A;
			productRefGroup = A063920A26A6033C00F4AF4A /* Products */;
			projectDirPath = "";
			projectRoot = "";
			targets = (
				A063920826A6033C00F4AF4A /* ToDoList */,
				A063922126A6033F00F4AF4A /* ToDoListTests */,
				A063922C26A6033F00F4AF4A /* ToDoListUITests */,
			);
		};
/* End PBXProject section */

/* Begin PBXResourcesBuildPhase section */
		A063920726A6033C00F4AF4A /* Resources */ = {
			isa = PBXResourcesBuildPhase;
			buildActionMask = 2147483647;
			files = (
				A063921C26A6033F00F4AF4A /* LaunchScreen.storyboard in Resources */,
				A063921926A6033F00F4AF4A /* Assets.xcassets in Resources */,
				A063921426A6033C00F4AF4A /* Main.storyboard in Resources */,
			);
			runOnlyForDeploymentPostprocessing = 0;
		};
		A063922026A6033F00F4AF4A /* Resources */ = {
			isa = PBXResourcesBuildPhase;
			buildActionMask = 2147483647;
			files = (
			);
			runOnlyForDeploymentPostprocessing = 0;
		};
		A063922B26A6033F00F4AF4A /* Resources */ = {
			isa = PBXResourcesBuildPhase;
			buildActionMask = 2147483647;
			files = (
			);
			runOnlyForDeploymentPostprocessing = 0;
		};
/* End PBXResourcesBuildPhase section */

/* Begin PBXSourcesBuildPhase section */
		A063920526A6033C00F4AF4A /* Sources */ = {
			isa = PBXSourcesBuildPhase;
			buildActionMask = 2147483647;
			files = (
				A063920D26A6033C00F4AF4A /* AppDelegate.swift in Sources */,
				A0173A4A26A62C1800167381 /* ToDo.swift in Sources */,
				A063920F26A6033C00F4AF4A /* SceneDelegate.swift in Sources */,
				A063924026A6061800F4AF4A /* ToDoTableTableViewController.swift in Sources */,
				A063921726A6033C00F4AF4A /* ToDoList.xcdatamodeld in Sources */,
			);
			runOnlyForDeploymentPostprocessing = 0;
		};
		A063921E26A6033F00F4AF4A /* Sources */ = {
			isa = PBXSourcesBuildPhase;
			buildActionMask = 2147483647;
			files = (
				A063922726A6033F00F4AF4A /* ToDoListTests.swift in Sources */,
			);
			runOnlyForDeploymentPostprocessing = 0;
		};
		A063922926A6033F00F4AF4A /* Sources */ = {
			isa = PBXSourcesBuildPhase;
			buildActionMask = 2147483647;
			files = (
				A063923226A6033F00F4AF4A /* ToDoListUITests.swift in Sources */,
			);
			runOnlyForDeploymentPostprocessing = 0;
		};
/* End PBXSourcesBuildPhase section */

/* Begin PBXTargetDependency section */
		A063922426A6033F00F4AF4A /* PBXTargetDependency */ = {
			isa = PBXTargetDependency;
			target = A063920826A6033C00F4AF4A /* ToDoList */;
			targetProxy = A063922326A6033F00F4AF4A /* PBXContainerItemProxy */;
		};
		A063922F26A6033F00F4AF4A /* PBXTargetDependency */ = {
			isa = PBXTargetDependency;
			target = A063920826A6033C00F4AF4A /* ToDoList */;
			targetProxy = A063922E26A6033F00F4AF4A /* PBXContainerItemProxy */;
		};
/* End PBXTargetDependency section */

/* Begin PBXVariantGroup section */
		A063921226A6033C00F4AF4A /* Main.storyboard */ = {
			isa = PBXVariantGroup;
			children = (
				A063921326A6033C00F4AF4A /* Base */,
			);
			name = Main.storyboard;
			sourceTree = "<group>";
		};
		A063921A26A6033F00F4AF4A /* LaunchScreen.storyboard */ = {
			isa = PBXVariantGroup;
			children = (
				A063921B26A6033F00F4AF4A /* Base */,
			);
			name = LaunchScreen.storyboard;
			sourceTree = "<group>";
		};
/* End PBXVariantGroup section */

/* Begin XCBuildConfiguration section */
		A063923426A6033F00F4AF4A /* Debug */ = {
			isa = XCBuildConfiguration;
			buildSettings = {
				ALWAYS_SEARCH_USER_PATHS = NO;
				CLANG_ANALYZER_NONNULL = YES;
				CLANG_ANALYZER_NUMBER_OBJECT_CONVERSION = YES_AGGRESSIVE;
				CLANG_CXX_LANGUAGE_STANDARD = "gnu++14";
				CLANG_CXX_LIBRARY = "libc++";
				CLANG_ENABLE_MODULES = YES;
				CLANG_ENABLE_OBJC_ARC = YES;
				CLANG_ENABLE_OBJC_WEAK = YES;
				CLANG_WARN_BLOCK_CAPTURE_AUTORELEASING = YES;
				CLANG_WARN_BOOL_CONVERSION = YES;
				CLANG_WARN_COMMA = YES;
				CLANG_WARN_CONSTANT_CONVERSION = YES;
				CLANG_WARN_DEPRECATED_OBJC_IMPLEMENTATIONS = YES;
				CLANG_WARN_DIRECT_OBJC_ISA_USAGE = YES_ERROR;
				CLANG_WARN_DOCUMENTATION_COMMENTS = YES;
				CLANG_WARN_EMPTY_BODY = YES;
				CLANG_WARN_ENUM_CONVERSION = YES;
				CLANG_WARN_INFINITE_RECURSION = YES;
				CLANG_WARN_INT_CONVERSION = YES;
				CLANG_WARN_NON_LITERAL_NULL_CONVERSION = YES;
				CLANG_WARN_OBJC_IMPLICIT_RETAIN_SELF = YES;
				CLANG_WARN_OBJC_LITERAL_CONVERSION = YES;
				CLANG_WARN_OBJC_ROOT_CLASS = YES_ERROR;
				CLANG_WARN_QUOTED_INCLUDE_IN_FRAMEWORK_HEADER = YES;
				CLANG_WARN_RANGE_LOOP_ANALYSIS = YES;
				CLANG_WARN_STRICT_PROTOTYPES = YES;
				CLANG_WARN_SUSPICIOUS_MOVE = YES;
				CLANG_WARN_UNGUARDED_AVAILABILITY = YES_AGGRESSIVE;
				CLANG_WARN_UNREACHABLE_CODE = YES;
				CLANG_WARN__DUPLICATE_METHOD_MATCH = YES;
				COPY_PHASE_STRIP = NO;
				DEBUG_INFORMATION_FORMAT = dwarf;
				ENABLE_STRICT_OBJC_MSGSEND = YES;
				ENABLE_TESTABILITY = YES;
				GCC_C_LANGUAGE_STANDARD = gnu11;
				GCC_DYNAMIC_NO_PIC = NO;
				GCC_NO_COMMON_BLOCKS = YES;
				GCC_OPTIMIZATION_LEVEL = 0;
				GCC_PREPROCESSOR_DEFINITIONS = (
					"DEBUG=1",
					"$(inherited)",
				);
				GCC_WARN_64_TO_32_BIT_CONVERSION = YES;
				GCC_WARN_ABOUT_RETURN_TYPE = YES_ERROR;
				GCC_WARN_UNDECLARED_SELECTOR = YES;
				GCC_WARN_UNINITIALIZED_AUTOS = YES_AGGRESSIVE;
				GCC_WARN_UNUSED_FUNCTION = YES;
				GCC_WARN_UNUSED_VARIABLE = YES;
				IPHONEOS_DEPLOYMENT_TARGET = 14.5;
				MTL_ENABLE_DEBUG_INFO = INCLUDE_SOURCE;
				MTL_FAST_MATH = YES;
				ONLY_ACTIVE_ARCH = YES;
				SDKROOT = iphoneos;
				SWIFT_ACTIVE_COMPILATION_CONDITIONS = DEBUG;
				SWIFT_OPTIMIZATION_LEVEL = "-Onone";
			};
			name = Debug;
		};
		A063923526A6033F00F4AF4A /* Release */ = {
			isa = XCBuildConfiguration;
			buildSettings = {
				ALWAYS_SEARCH_USER_PATHS = NO;
				CLANG_ANALYZER_NONNULL = YES;
				CLANG_ANALYZER_NUMBER_OBJECT_CONVERSION = YES_AGGRESSIVE;
				CLANG_CXX_LANGUAGE_STANDARD = "gnu++14";
				CLANG_CXX_LIBRARY = "libc++";
				CLANG_ENABLE_MODULES = YES;
				CLANG_ENABLE_OBJC_ARC = YES;
				CLANG_ENABLE_OBJC_WEAK = YES;
				CLANG_WARN_BLOCK_CAPTURE_AUTORELEASING = YES;
				CLANG_WARN_BOOL_CONVERSION = YES;
				CLANG_WARN_COMMA = YES;
				CLANG_WARN_CONSTANT_CONVERSION = YES;
				CLANG_WARN_DEPRECATED_OBJC_IMPLEMENTATIONS = YES;
				CLANG_WARN_DIRECT_OBJC_ISA_USAGE = YES_ERROR;
				CLANG_WARN_DOCUMENTATION_COMMENTS = YES;
				CLANG_WARN_EMPTY_BODY = YES;
				CLANG_WARN_ENUM_CONVERSION = YES;
				CLANG_WARN_INFINITE_RECURSION = YES;
				CLANG_WARN_INT_CONVERSION = YES;
				CLANG_WARN_NON_LITERAL_NULL_CONVERSION = YES;
				CLANG_WARN_OBJC_IMPLICIT_RETAIN_SELF = YES;
				CLANG_WARN_OBJC_LITERAL_CONVERSION = YES;
				CLANG_WARN_OBJC_ROOT_CLASS = YES_ERROR;
				CLANG_WARN_QUOTED_INCLUDE_IN_FRAMEWORK_HEADER = YES;
				CLANG_WARN_RANGE_LOOP_ANALYSIS = YES;
				CLANG_WARN_STRICT_PROTOTYPES = YES;
				CLANG_WARN_SUSPICIOUS_MOVE = YES;
				CLANG_WARN_UNGUARDED_AVAILABILITY = YES_AGGRESSIVE;
				CLANG_WARN_UNREACHABLE_CODE = YES;
				CLANG_WARN__DUPLICATE_METHOD_MATCH = YES;
				COPY_PHASE_STRIP = NO;
				DEBUG_INFORMATION_FORMAT = "dwarf-with-dsym";
				ENABLE_NS_ASSERTIONS = NO;
				ENABLE_STRICT_OBJC_MSGSEND = YES;
				GCC_C_LANGUAGE_STANDARD = gnu11;
				GCC_NO_COMMON_BLOCKS = YES;
				GCC_WARN_64_TO_32_BIT_CONVERSION = YES;
				GCC_WARN_ABOUT_RETURN_TYPE = YES_ERROR;
				GCC_WARN_UNDECLARED_SELECTOR = YES;
				GCC_WARN_UNINITIALIZED_AUTOS = YES_AGGRESSIVE;
				GCC_WARN_UNUSED_FUNCTION = YES;
				GCC_WARN_UNUSED_VARIABLE = YES;
				IPHONEOS_DEPLOYMENT_TARGET = 14.5;
				MTL_ENABLE_DEBUG_INFO = NO;
				MTL_FAST_MATH = YES;
				SDKROOT = iphoneos;
				SWIFT_COMPILATION_MODE = wholemodule;
				SWIFT_OPTIMIZATION_LEVEL = "-O";
				VALIDATE_PRODUCT = YES;
			};
			name = Release;
		};
		A063923726A6033F00F4AF4A /* Debug */ = {
			isa = XCBuildConfiguration;
			buildSettings = {
				ASSETCATALOG_COMPILER_APPICON_NAME = AppIcon;
				ASSETCATALOG_COMPILER_GLOBAL_ACCENT_COLOR_NAME = AccentColor;
				CODE_SIGN_STYLE = Automatic;
				INFOPLIST_FILE = ToDoList/Info.plist;
				LD_RUNPATH_SEARCH_PATHS = (
					"$(inherited)",
					"@executable_path/Frameworks",
				);
				PRODUCT_BUNDLE_IDENTIFIER = "kwk-2021.ToDoList";
				PRODUCT_NAME = "$(TARGET_NAME)";
				SWIFT_VERSION = 5.0;
				TARGETED_DEVICE_FAMILY = "1,2";
			};
			name = Debug;
		};
		A063923826A6033F00F4AF4A /* Release */ = {
			isa = XCBuildConfiguration;
			buildSettings = {
				ASSETCATALOG_COMPILER_APPICON_NAME = AppIcon;
				ASSETCATALOG_COMPILER_GLOBAL_ACCENT_COLOR_NAME = AccentColor;
				CODE_SIGN_STYLE = Automatic;
				INFOPLIST_FILE = ToDoList/Info.plist;
				LD_RUNPATH_SEARCH_PATHS = (
					"$(inherited)",
					"@executable_path/Frameworks",
				);
				PRODUCT_BUNDLE_IDENTIFIER = "kwk-2021.ToDoList";
				PRODUCT_NAME = "$(TARGET_NAME)";
				SWIFT_VERSION = 5.0;
				TARGETED_DEVICE_FAMILY = "1,2";
			};
			name = Release;
		};
		A063923A26A6033F00F4AF4A /* Debug */ = {
			isa = XCBuildConfiguration;
			buildSettings = {
				ALWAYS_EMBED_SWIFT_STANDARD_LIBRARIES = YES;
				BUNDLE_LOADER = "$(TEST_HOST)";
				CODE_SIGN_STYLE = Automatic;
				INFOPLIST_FILE = ToDoListTests/Info.plist;
				IPHONEOS_DEPLOYMENT_TARGET = 14.5;
				LD_RUNPATH_SEARCH_PATHS = (
					"$(inherited)",
					"@executable_path/Frameworks",
					"@loader_path/Frameworks",
				);
				PRODUCT_BUNDLE_IDENTIFIER = "kwk-2021.ToDoListTests";
				PRODUCT_NAME = "$(TARGET_NAME)";
				SWIFT_VERSION = 5.0;
				TARGETED_DEVICE_FAMILY = "1,2";
				TEST_HOST = "$(BUILT_PRODUCTS_DIR)/ToDoList.app/ToDoList";
			};
			name = Debug;
		};
		A063923B26A6033F00F4AF4A /* Release */ = {
			isa = XCBuildConfiguration;
			buildSettings = {
				ALWAYS_EMBED_SWIFT_STANDARD_LIBRARIES = YES;
				BUNDLE_LOADER = "$(TEST_HOST)";
				CODE_SIGN_STYLE = Automatic;
				INFOPLIST_FILE = ToDoListTests/Info.plist;
				IPHONEOS_DEPLOYMENT_TARGET = 14.5;
				LD_RUNPATH_SEARCH_PATHS = (
					"$(inherited)",
					"@executable_path/Frameworks",
					"@loader_path/Frameworks",
				);
				PRODUCT_BUNDLE_IDENTIFIER = "kwk-2021.ToDoListTests";
				PRODUCT_NAME = "$(TARGET_NAME)";
				SWIFT_VERSION = 5.0;
				TARGETED_DEVICE_FAMILY = "1,2";
				TEST_HOST = "$(BUILT_PRODUCTS_DIR)/ToDoList.app/ToDoList";
			};
			name = Release;
		};
		A063923D26A6033F00F4AF4A /* Debug */ = {
			isa = XCBuildConfiguration;
			buildSettings = {
				ALWAYS_EMBED_SWIFT_STANDARD_LIBRARIES = YES;
				CODE_SIGN_STYLE = Automatic;
				INFOPLIST_FILE = ToDoListUITests/Info.plist;
				LD_RUNPATH_SEARCH_PATHS = (
					"$(inherited)",
					"@executable_path/Frameworks",
					"@loader_path/Frameworks",
				);
				PRODUCT_BUNDLE_IDENTIFIER = "kwk-2021.ToDoListUITests";
				PRODUCT_NAME = "$(TARGET_NAME)";
				SWIFT_VERSION = 5.0;
				TARGETED_DEVICE_FAMILY = "1,2";
				TEST_TARGET_NAME = ToDoList;
			};
			name = Debug;
		};
		A063923E26A6033F00F4AF4A /* Release */ = {
			isa = XCBuildConfiguration;
			buildSettings = {
				ALWAYS_EMBED_SWIFT_STANDARD_LIBRARIES = YES;
				CODE_SIGN_STYLE = Automatic;
				INFOPLIST_FILE = ToDoListUITests/Info.plist;
				LD_RUNPATH_SEARCH_PATHS = (
					"$(inherited)",
					"@executable_path/Frameworks",
					"@loader_path/Frameworks",
				);
				PRODUCT_BUNDLE_IDENTIFIER = "kwk-2021.ToDoListUITests";
				PRODUCT_NAME = "$(TARGET_NAME)";
				SWIFT_VERSION = 5.0;
				TARGETED_DEVICE_FAMILY = "1,2";
				TEST_TARGET_NAME = ToDoList;
			};
			name = Release;
		};
/* End XCBuildConfiguration section */

/* Begin XCConfigurationList section */
		A063920426A6033C00F4AF4A /* Build configuration list for PBXProject "ToDoList" */ = {
			isa = XCConfigurationList;
			buildConfigurations = (
				A063923426A6033F00F4AF4A /* Debug */,
				A063923526A6033F00F4AF4A /* Release */,
			);
			defaultConfigurationIsVisible = 0;
			defaultConfigurationName = Release;
		};
		A063923626A6033F00F4AF4A /* Build configuration list for PBXNativeTarget "ToDoList" */ = {
			isa = XCConfigurationList;
			buildConfigurations = (
				A063923726A6033F00F4AF4A /* Debug */,
				A063923826A6033F00F4AF4A /* Release */,
			);
			defaultConfigurationIsVisible = 0;
			defaultConfigurationName = Release;
		};
		A063923926A6033F00F4AF4A /* Build configuration list for PBXNativeTarget "ToDoListTests" */ = {
			isa = XCConfigurationList;
			buildConfigurations = (
				A063923A26A6033F00F4AF4A /* Debug */,
				A063923B26A6033F00F4AF4A /* Release */,
			);
			defaultConfigurationIsVisible = 0;
			defaultConfigurationName = Release;
		};
		A063923C26A6033F00F4AF4A /* Build configuration list for PBXNativeTarget "ToDoListUITests" */ = {
			isa = XCConfigurationList;
			buildConfigurations = (
				A063923D26A6033F00F4AF4A /* Debug */,
				A063923E26A6033F00F4AF4A /* Release */,
			);
			defaultConfigurationIsVisible = 0;
			defaultConfigurationName = Release;
		};
/* End XCConfigurationList section */

/* Begin XCVersionGroup section */
		A063921526A6033C00F4AF4A /* ToDoList.xcdatamodeld */ = {
			isa = XCVersionGroup;
			children = (
				A063921626A6033C00F4AF4A /* ToDoList.xcdatamodel */,
			);
			currentVersion = A063921626A6033C00F4AF4A /* ToDoList.xcdatamodel */;
			path = ToDoList.xcdatamodeld;
			sourceTree = "<group>";
			versionGroupType = wrapper.xcdatamodel;
		};
/* End XCVersionGroup section */
	};
	rootObject = A063920126A6033C00F4AF4A /* Project object */;
}
